
Microsoft Visual Studio Solution File, Format Version 12.00
# Visual Studio Version 16
VisualStudioVersion = 16.0.30011.22
MinimumVisualStudioVersion = 10.0.40219.1
Project("{FAE04EC0-301F-11D3-BF4B-00C04F79EFBC}") = "Assistant_TEP", "Assistant_TEP\Assistant_TEP.csproj", "{904D8500-DB04-47EF-A1A2-2A78693D49FB}"
EndProject
Global
	GlobalSection(SolutionConfigurationPlatforms) = preSolution
		Debug|Any CPU = Debug|Any CPU
		Release|Any CPU = Release|Any CPU
	EndGlobalSection
	GlobalSection(ProjectConfigurationPlatforms) = postSolution
		{904D8500-DB04-47EF-A1A2-2A78693D49FB}.Debug|Any CPU.ActiveCfg = Debug|Any CPU
		{904D8500-DB04-47EF-A1A2-2A78693D49FB}.Debug|Any CPU.Build.0 = Debug|Any CPU
		{904D8500-DB04-47EF-A1A2-2A78693D49FB}.Release|Any CPU.ActiveCfg = Release|Any CPU
		{904D8500-DB04-47EF-A1A2-2A78693D49FB}.Release|Any CPU.Build.0 = Release|Any CPU
	EndGlobalSection
	GlobalSection(SolutionProperties) = preSolution
		HideSolutionNode = FALSE
	EndGlobalSection
	GlobalSection(ExtensibilityGlobals) = postSolution
		SolutionGuid = {A3F691D9-7D3A-44F1-9D06-6AD99F852F0D}
	EndGlobalSection
EndGlobal
